
Microsoft Visual Studio Solution File, Format Version 12.00
# Visual Studio 15
VisualStudioVersion = 15.0.28307.271
MinimumVisualStudioVersion = 10.0.40219.1
Project("{FAE04EC0-301F-11D3-BF4B-00C04F79EFBC}") = "Record Pro", "Record Pro.csproj", "{D54FD50D-28DE-4D7A-9958-BB2914D0F971}"
EndProject
Global
	GlobalSection(SolutionConfigurationPlatforms) = preSolution
		Debug|Any CPU = Debug|Any CPU
		Release|Any CPU = Release|Any CPU
	EndGlobalSection
	GlobalSection(ProjectConfigurationPlatforms) = postSolution
		{D54FD50D-28DE-4D7A-9958-BB2914D0F971}.Debug|Any CPU.ActiveCfg = Debug|Any CPU
		{D54FD50D-28DE-4D7A-9958-BB2914D0F971}.Debug|Any CPU.Build.0 = Debug|Any CPU
		{D54FD50D-28DE-4D7A-9958-BB2914D0F971}.Release|Any CPU.ActiveCfg = Release|Any CPU
		{D54FD50D-28DE-4D7A-9958-BB2914D0F971}.Release|Any CPU.Build.0 = Release|Any CPU
	EndGlobalSection
	GlobalSection(SolutionProperties) = preSolution
		HideSolutionNode = FALSE
	EndGlobalSection
	GlobalSection(ExtensibilityGlobals) = postSolution
		SolutionGuid = {DFE54A5C-C092-41FE-A745-F0F993AFB8FE}
	EndGlobalSection
EndGlobal
